
Microsoft Visual Studio Solution File, Format Version 12.00
# Visual Studio Version 17
VisualStudioVersion = 17.7.34031.279
MinimumVisualStudioVersion = 10.0.40219.1
Project("{D2ABAB84-BF74-430A-B69E-9DC6D40DDA17}") = "Gravity_Books_SSAS", "Gravity_Books_SSAS\Gravity_Books_SSAS.dwproj", "{2C2F6D93-4C5B-49EE-855F-44ADB4F34D8D}"
EndProject
Global
	GlobalSection(SolutionConfigurationPlatforms) = preSolution
		Development|Default = Development|Default
	EndGlobalSection
	GlobalSection(ProjectConfigurationPlatforms) = postSolution
		{2C2F6D93-4C5B-49EE-855F-44ADB4F34D8D}.Development|Default.ActiveCfg = Development
		{2C2F6D93-4C5B-49EE-855F-44ADB4F34D8D}.Development|Default.Build.0 = Development
		{2C2F6D93-4C5B-49EE-855F-44ADB4F34D8D}.Development|Default.Deploy.0 = Development
	EndGlobalSection
	GlobalSection(SolutionProperties) = preSolution
		HideSolutionNode = FALSE
	EndGlobalSection
	GlobalSection(ExtensibilityGlobals) = postSolution
		SolutionGuid = {D133A447-08B0-4288-A041-6B925D49F2AC}
	EndGlobalSection
EndGlobal
